
Microsoft Visual Studio Solution File, Format Version 11.00
# Visual Studio 2010
Project("{FAE04EC0-301F-11D3-BF4B-00C04F79EFBC}") = "Assembly-CSharp", "Assembly-CSharp.csproj", "{8dbc13a5-7d6a-c5d6-eebe-d27cf600d276}"
EndProject
Project("{FAE04EC0-301F-11D3-BF4B-00C04F79EFBC}") = "Assembly-CSharp-Editor", "Assembly-CSharp-Editor.csproj", "{6fba28b7-4abb-b966-57a2-597cad6a31b0}"
EndProject
Global
	GlobalSection(SolutionConfigurationPlatforms) = preSolution
		Debug|Any CPU = Debug|Any CPU
	EndGlobalSection
	GlobalSection(ProjectConfigurationPlatforms) = postSolution
		{8dbc13a5-7d6a-c5d6-eebe-d27cf600d276}.Debug|Any CPU.ActiveCfg = Debug|Any CPU
		{8dbc13a5-7d6a-c5d6-eebe-d27cf600d276}.Debug|Any CPU.Build.0 = Debug|Any CPU
		{6fba28b7-4abb-b966-57a2-597cad6a31b0}.Debug|Any CPU.ActiveCfg = Debug|Any CPU
		{6fba28b7-4abb-b966-57a2-597cad6a31b0}.Debug|Any CPU.Build.0 = Debug|Any CPU
	EndGlobalSection
	GlobalSection(SolutionProperties) = preSolution
		HideSolutionNode = FALSE
	EndGlobalSection
EndGlobal
