
Microsoft Visual Studio Solution File, Format Version 11.00
# Visual Studio 2010
Project("{FAE04EC0-301F-11D3-BF4B-00C04F79EFBC}") = "Assembly-CSharp", "Assembly-CSharp.csproj", "{e397d5c8-3c23-d53a-4219-80f31c83c43c}"
EndProject
Project("{FAE04EC0-301F-11D3-BF4B-00C04F79EFBC}") = "Assembly-CSharp-Editor", "Assembly-CSharp-Editor.csproj", "{1c7de0f3-5de4-c8cf-338c-e374d19476eb}"
EndProject
Global
	GlobalSection(SolutionConfigurationPlatforms) = preSolution
		Debug|Any CPU = Debug|Any CPU
	EndGlobalSection
	GlobalSection(ProjectConfigurationPlatforms) = postSolution
		{e397d5c8-3c23-d53a-4219-80f31c83c43c}.Debug|Any CPU.ActiveCfg = Debug|Any CPU
		{e397d5c8-3c23-d53a-4219-80f31c83c43c}.Debug|Any CPU.Build.0 = Debug|Any CPU
		{1c7de0f3-5de4-c8cf-338c-e374d19476eb}.Debug|Any CPU.ActiveCfg = Debug|Any CPU
		{1c7de0f3-5de4-c8cf-338c-e374d19476eb}.Debug|Any CPU.Build.0 = Debug|Any CPU
	EndGlobalSection
	GlobalSection(SolutionProperties) = preSolution
		HideSolutionNode = FALSE
	EndGlobalSection
EndGlobal
